# This file was autogenerated by Stack.
# You should not edit this file by hand.
# For more information, please see the documentation at:
#   https://docs.haskellstack.org/en/stable/lock_files

packages:
- completed:
    hackage: configuration-tools-0.6.0@sha256:edeecc92f8637700d615e86084927de077bb4fbfaeb9c549bdaf46c6692433e1,5799
    pantry-tree:
      size: 1663
      sha256: d5bd1a8f900fb2b077730320e62340647aded5316e3175dc8b60bb727899f18d
  original:
    hackage: configuration-tools-0.6.0@sha256:edeecc92f8637700d615e86084927de077bb4fbfaeb9c549bdaf46c6692433e1,5799
- completed:
    hackage: hostaddress-0.1.0.0@sha256:1351cf427fcb77e4993995e113fd40a9d4116a93eb38c3c0c622dc60ac2ea3d7,2175
    pantry-tree:
      size: 278
      sha256: 9bba3d9084202f88ba9c9b65f2f3d5578a8c1876757295f403a1a671fa05b08b
  original:
    hackage: hostaddress-0.1.0.0@sha256:1351cf427fcb77e4993995e113fd40a9d4116a93eb38c3c0c622dc60ac2ea3d7,2175
- completed:
    hackage: loglevel-0.1.0.0@sha256:951338d262fb734cc2f06a6ee9fddb7ea998a71a5098011d864f038f4ec7ac2a,1256
    pantry-tree:
      size: 421
      sha256: a04454fd4b49099cad840ebdf5111505fb93d74a180c6e2a9deefab1882f9232
  original:
    hackage: loglevel-0.1.0.0@sha256:951338d262fb734cc2f06a6ee9fddb7ea998a71a5098011d864f038f4ec7ac2a,1256
- completed:
    hackage: streaming-events-1.0.1@sha256:2d9e17ba78f55b07e21f20ed20430d024bc157b01f3cf58a9b169157cbfab036,1110
    pantry-tree:
      size: 295
      sha256: 1e20341bb144b96886b4b053d579dfebb686a14b9f7bd150a38f42b7e1d8d543
  original:
    hackage: streaming-events-1.0.1@sha256:2d9e17ba78f55b07e21f20ed20430d024bc157b01f3cf58a9b169157cbfab036,1110
- completed:
    hackage: streaming-attoparsec-1.0.0.1@sha256:fe9b878072423d3f075534fe8af24722d9ded1a1129e9a6ed5b71c4a29681b39,1146
    pantry-tree:
      size: 350
      sha256: f54f65bf072698ec2ef514376a4be76383d90faa428ac6fb57c5de10efa45b7e
  original:
    hackage: streaming-attoparsec-1.0.0.1@sha256:fe9b878072423d3f075534fe8af24722d9ded1a1129e9a6ed5b71c4a29681b39,1146
snapshots:
- completed:
    size: 534126
    url: https://raw.githubusercontent.com/commercialhaskell/stackage-snapshots/master/lts/16/31.yaml
    sha256: 637fb77049b25560622a224845b7acfe81a09fdb6a96a3c75997a10b651667f6
  original: lts-16.31
